// !$*UTF8*$!
{
	archiveVersion = 1;
	classes = {
	};
	objectVersion = 77;
	objects = {

/* Begin PBXBuildFile section */
		05F3693F97EF0E41ECA06C98 /* Geist[wght].ttf in Resources */ = {isa = PBXBuildFile; fileRef = C62FC2B48F0C25B6C748243A /* Geist[wght].ttf */; };
		0E55265B670AEE66F3EF9026 /* ConnectingRequest.swift in Sources */ = {isa = PBXBuildFile; fileRef = 15ECDFAA933528909D5A811C /* ConnectingRequest.swift */; };
		1C18523CFA9C8954B47CC995 /* APIClient.swift in Sources */ = {isa = PBXBuildFile; fileRef = 4036A02656B05DBD4FAFAF98 /* APIClient.swift */; };
		2C843A32FDC046EBECF4124D /* AppState.swift in Sources */ = {isa = PBXBuildFile; fileRef = F6D0DAEAA89EA890C9E4A1ED /* AppState.swift */; };
		2CC8CF9A1BE362C878926D11 /* LogEntryRowView.swift in Sources */ = {isa = PBXBuildFile; fileRef = BFE8D139967FE89665CBA07B /* LogEntryRowView.swift */; };
		373732863CE53F66EF2442A7 /* ManualEntryView.swift in Sources */ = {isa = PBXBuildFile; fileRef = A3983A8C8996AB1C7F5827A8 /* ManualEntryView.swift */; };
		3C861F862170A6A88CF292B3 /* QuickLogSearchView.swift in Sources */ = {isa = PBXBuildFile; fileRef = 77533196A0685995D42FE858 /* QuickLogSearchView.swift */; };
		41C4558440CA40D201D1476F /* BarcodeNotFoundView.swift in Sources */ = {isa = PBXBuildFile; fileRef = 50C626991C79F89C1838D15B /* BarcodeNotFoundView.swift */; };
		41FB4E049F4CC6F842B47871 /* GeistMono[wght].ttf in Resources */ = {isa = PBXBuildFile; fileRef = CC82133BF89E7DA3BA9D2861 /* GeistMono[wght].ttf */; };
		485E6DE9D28CB8F69655B0BD /* FoodSearchResult.swift in Sources */ = {isa = PBXBuildFile; fileRef = 837C3964E1AE6FF182107FAA /* FoodSearchResult.swift */; };
		4C9DD78C8F25FD1C8AB8D953 /* MealSectionView.swift in Sources */ = {isa = PBXBuildFile; fileRef = A587DA34B27747093E4718D3 /* MealSectionView.swift */; };
		4FA739F28DD977B33624FC03 /* QRCaptureCoordinator.swift in Sources */ = {isa = PBXBuildFile; fileRef = E66B012D185F909A170385A3 /* QRCaptureCoordinator.swift */; };
		50F5C3288509F59849601FBB /* QRErrorView.swift in Sources */ = {isa = PBXBuildFile; fileRef = F7A670CF4BF9F44522C99DCD /* QRErrorView.swift */; };
		54982FC8BA1E0F51A7394B82 /* PorquiloTabBar.swift in Sources */ = {isa = PBXBuildFile; fileRef = 76AD118B487776AF58236396 /* PorquiloTabBar.swift */; };
		565CA93CA11DF5613CC737DF /* CameraPreviewView.swift in Sources */ = {isa = PBXBuildFile; fileRef = 9F94647827CBB4941F35984A /* CameraPreviewView.swift */; };
		642A85BE16B8DCCCBE9C6F5B /* DiaryModels.swift in Sources */ = {isa = PBXBuildFile; fileRef = 3EE9DE3B3D645C63C5D7712C /* DiaryModels.swift */; };
		72F9500D8BED2456F7C90903 /* QuickLogView.swift in Sources */ = {isa = PBXBuildFile; fileRef = FCE3CB6C70E6D5477333BBD3 /* QuickLogView.swift */; };
		7EE9E090F0171140A1B9D060 /* QRPairingPayload.swift in Sources */ = {isa = PBXBuildFile; fileRef = 53147222241CF2D5CFEE495E /* QRPairingPayload.swift */; };
		8605B92DDDEC74ACA48C68B7 /* MacroBarView.swift in Sources */ = {isa = PBXBuildFile; fileRef = AC22E14C3DE922F28281F1E9 /* MacroBarView.swift */; };
		87C651556C1BC3A79BE99325 /* VersionWarningSheet.swift in Sources */ = {isa = PBXBuildFile; fileRef = 78B7B074B1D421C56E6E2E21 /* VersionWarningSheet.swift */; };
		881AC30F5456D44EC56F1EFF /* QRScannerView.swift in Sources */ = {isa = PBXBuildFile; fileRef = 09705A7910779DBF3CF02934 /* QRScannerView.swift */; };
		8F9F6F49796085DBEAEB6F01 /* ReportsView.swift in Sources */ = {isa = PBXBuildFile; fileRef = 0C1E8C27F0E915EA56301ABC /* ReportsView.swift */; };
		911755E1655196AB4A24D5A9 /* PorquiloApp.swift in Sources */ = {isa = PBXBuildFile; fileRef = 9F8C6ACF43D88EDDB3F74A40 /* PorquiloApp.swift */; };
		A0A25B782E7DCDD32ADE6533 /* ConnectToServerView.swift in Sources */ = {isa = PBXBuildFile; fileRef = 14CF78E2AD93367D537BBC4F /* ConnectToServerView.swift */; };
		A3F71F9ABE163FAB4E1B64AA /* MainTabView.swift in Sources */ = {isa = PBXBuildFile; fileRef = 12A9F4633F07B8AA914D47B6 /* MainTabView.swift */; };
		A87920410E8F7E48087BA391 /* SettingsView.swift in Sources */ = {isa = PBXBuildFile; fileRef = 20DD1537F1B5ED000C3CAD66 /* SettingsView.swift */; };
		AA0970B847E239D4C0B5188C /* ModePickerSheet.swift in Sources */ = {isa = PBXBuildFile; fileRef = 065AE102AF43729E58B38B5D /* ModePickerSheet.swift */; };
		AB583BA4BC8BA502A2251B25 /* LogCandidate.swift in Sources */ = {isa = PBXBuildFile; fileRef = 958E22A5D59556BA4B881B8E /* LogCandidate.swift */; };
		B25040F8312FAFDFE772B319 /* KeychainService.swift in Sources */ = {isa = PBXBuildFile; fileRef = 11F1B2B913E422EB21C1DBA3 /* KeychainService.swift */; };
		BD198627901C24ACCFD8D89D /* BarcodeScanView.swift in Sources */ = {isa = PBXBuildFile; fileRef = 79768B5CD89429FAED3522DF /* BarcodeScanView.swift */; };
		C3A6A93F3D7C7AF2415AC047 /* AppStateTests.swift in Sources */ = {isa = PBXBuildFile; fileRef = 8C9C7AC850D05B8F3A150247 /* AppStateTests.swift */; };
		CB972F3582CB89DCEDD5B6E8 /* WelcomeView.swift in Sources */ = {isa = PBXBuildFile; fileRef = D5401332ADEB9D9422C6721D /* WelcomeView.swift */; };
		D9F8471FA01EAED03C5B660E /* DesignTokens.swift in Sources */ = {isa = PBXBuildFile; fileRef = B2F3144B071E68F342CD9B05 /* DesignTokens.swift */; };
		DBB8E1C4256EAB0DA35FE710 /* LogCandidateTests.swift in Sources */ = {isa = PBXBuildFile; fileRef = ECC5511256CD7896C9CAF83F /* LogCandidateTests.swift */; };
		DF91BA6559CE84B0FB4ECF43 /* KeychainServiceTests.swift in Sources */ = {isa = PBXBuildFile; fileRef = 71B3F66BEA0E18A070EC3E47 /* KeychainServiceTests.swift */; };
		E1B9CAC022B8AA4B4FC2B26D /* AppConstants.swift in Sources */ = {isa = PBXBuildFile; fileRef = D77EA9868230857E087C9436 /* AppConstants.swift */; };
		E4F645439EAA76BABDCDCC65 /* ConnectingView.swift in Sources */ = {isa = PBXBuildFile; fileRef = B4C0AA51469CA96941A741E9 /* ConnectingView.swift */; };
		E8C24CBAE490490B60D14E61 /* ManualEntryValidationTests.swift in Sources */ = {isa = PBXBuildFile; fileRef = C19B6EAB8428A2ADCECE4C82 /* ManualEntryValidationTests.swift */; };
		E98C6A0EC40366F5AEA0DB4E /* ManualEntryValidation.swift in Sources */ = {isa = PBXBuildFile; fileRef = 7C83EB1E805B86FDD13E0592 /* ManualEntryValidation.swift */; };
		EA3AF8B2175B7FDB45C65553 /* QRPairingPayloadTests.swift in Sources */ = {isa = PBXBuildFile; fileRef = 9769853ADDE945B17205A409 /* QRPairingPayloadTests.swift */; };
		EAE4BC1E44317C5B7CF2F89A /* AuthScreen.swift in Sources */ = {isa = PBXBuildFile; fileRef = 27AA3B41E9EF7C750F51A443 /* AuthScreen.swift */; };
		EC0D2C9A967087EB58333FE4 /* LogoMarkView.swift in Sources */ = {isa = PBXBuildFile; fileRef = AB3F69FB02B8E3295CAD625A /* LogoMarkView.swift */; };
		EDE9B3A0CFFCEF0F96A45530 /* APIClientTests.swift in Sources */ = {isa = PBXBuildFile; fileRef = ED9755E72682009A382F0050 /* APIClientTests.swift */; };
		F144ADF4AF5F63BF014EAD6E /* AuthRootView.swift in Sources */ = {isa = PBXBuildFile; fileRef = 918AEAD092391B9A0C5B926A /* AuthRootView.swift */; };
		F4C8495137B7FADA649F13B8 /* Newsreader-VariableFont_opsz,wght.ttf in Resources */ = {isa = PBXBuildFile; fileRef = C96DF55223B2A2B6073240A5 /* Newsreader-VariableFont_opsz,wght.ttf */; };
		F668444272A6FD723A6CB76B /* TodayView.swift in Sources */ = {isa = PBXBuildFile; fileRef = 5EBF7FEB140462BD4BDE29C4 /* TodayView.swift */; };
		F81D5E99A31C00C8C138A2BD /* User.swift in Sources */ = {isa = PBXBuildFile; fileRef = 2B4661E6F3BE7E92C9B2F985 /* User.swift */; };
		F84E3B0FE43CA9324CFAA174 /* LibraryView.swift in Sources */ = {isa = PBXBuildFile; fileRef = 2D5123A3A2FC5424513639BB /* LibraryView.swift */; };
/* End PBXBuildFile section */

/* Begin PBXContainerItemProxy section */
		8C57E3374A2553C2E50540DE /* PBXContainerItemProxy */ = {
			isa = PBXContainerItemProxy;
			containerPortal = CA2173429AFDE72E0636FB62 /* Project object */;
			proxyType = 1;
			remoteGlobalIDString = 72020F1B52AB45FF63C7BF48;
			remoteInfo = Porquilo;
		};
/* End PBXContainerItemProxy section */

/* Begin PBXFileReference section */
		01847F4B4B042861DEB105F8 /* Info.plist */ = {isa = PBXFileReference; lastKnownFileType = text.plist; path = Info.plist; sourceTree = "<group>"; };
		065AE102AF43729E58B38B5D /* ModePickerSheet.swift */ = {isa = PBXFileReference; lastKnownFileType = sourcecode.swift; path = ModePickerSheet.swift; sourceTree = "<group>"; };
		09705A7910779DBF3CF02934 /* QRScannerView.swift */ = {isa = PBXFileReference; lastKnownFileType = sourcecode.swift; path = QRScannerView.swift; sourceTree = "<group>"; };
		0C1E8C27F0E915EA56301ABC /* ReportsView.swift */ = {isa = PBXFileReference; lastKnownFileType = sourcecode.swift; path = ReportsView.swift; sourceTree = "<group>"; };
		11F1B2B913E422EB21C1DBA3 /* KeychainService.swift */ = {isa = PBXFileReference; lastKnownFileType = sourcecode.swift; path = KeychainService.swift; sourceTree = "<group>"; };
		12A9F4633F07B8AA914D47B6 /* MainTabView.swift */ = {isa = PBXFileReference; lastKnownFileType = sourcecode.swift; path = MainTabView.swift; sourceTree = "<group>"; };
		14CF78E2AD93367D537BBC4F /* ConnectToServerView.swift */ = {isa = PBXFileReference; lastKnownFileType = sourcecode.swift; path = ConnectToServerView.swift; sourceTree = "<group>"; };
		15ECDFAA933528909D5A811C /* ConnectingRequest.swift */ = {isa = PBXFileReference; lastKnownFileType = sourcecode.swift; path = ConnectingRequest.swift; sourceTree = "<group>"; };
		20DD1537F1B5ED000C3CAD66 /* SettingsView.swift */ = {isa = PBXFileReference; lastKnownFileType = sourcecode.swift; path = SettingsView.swift; sourceTree = "<group>"; };
		27AA3B41E9EF7C750F51A443 /* AuthScreen.swift */ = {isa = PBXFileReference; lastKnownFileType = sourcecode.swift; path = AuthScreen.swift; sourceTree = "<group>"; };
		2B4661E6F3BE7E92C9B2F985 /* User.swift */ = {isa = PBXFileReference; lastKnownFileType = sourcecode.swift; path = User.swift; sourceTree = "<group>"; };
		2D5123A3A2FC5424513639BB /* LibraryView.swift */ = {isa = PBXFileReference; lastKnownFileType = sourcecode.swift; path = LibraryView.swift; sourceTree = "<group>"; };
		3EE9DE3B3D645C63C5D7712C /* DiaryModels.swift */ = {isa = PBXFileReference; lastKnownFileType = sourcecode.swift; path = DiaryModels.swift; sourceTree = "<group>"; };
		4036A02656B05DBD4FAFAF98 /* APIClient.swift */ = {isa = PBXFileReference; lastKnownFileType = sourcecode.swift; path = APIClient.swift; sourceTree = "<group>"; };
		4294D1F55BC12C18165CBFDF /* PorquiloTests.xctest */ = {isa = PBXFileReference; includeInIndex = 0; lastKnownFileType = wrapper.cfbundle; path = PorquiloTests.xctest; sourceTree = BUILT_PRODUCTS_DIR; };
		50C626991C79F89C1838D15B /* BarcodeNotFoundView.swift */ = {isa = PBXFileReference; lastKnownFileType = sourcecode.swift; path = BarcodeNotFoundView.swift; sourceTree = "<group>"; };
		53147222241CF2D5CFEE495E /* QRPairingPayload.swift */ = {isa = PBXFileReference; lastKnownFileType = sourcecode.swift; path = QRPairingPayload.swift; sourceTree = "<group>"; };
		5EBF7FEB140462BD4BDE29C4 /* TodayView.swift */ = {isa = PBXFileReference; lastKnownFileType = sourcecode.swift; path = TodayView.swift; sourceTree = "<group>"; };
		6250AB67C83EF7BDBEBE098E /* Porquilo.app */ = {isa = PBXFileReference; includeInIndex = 0; lastKnownFileType = wrapper.application; path = Porquilo.app; sourceTree = BUILT_PRODUCTS_DIR; };
		71B3F66BEA0E18A070EC3E47 /* KeychainServiceTests.swift */ = {isa = PBXFileReference; lastKnownFileType = sourcecode.swift; path = KeychainServiceTests.swift; sourceTree = "<group>"; };
		76AD118B487776AF58236396 /* PorquiloTabBar.swift */ = {isa = PBXFileReference; lastKnownFileType = sourcecode.swift; path = PorquiloTabBar.swift; sourceTree = "<group>"; };
		77533196A0685995D42FE858 /* QuickLogSearchView.swift */ = {isa = PBXFileReference; lastKnownFileType = sourcecode.swift; path = QuickLogSearchView.swift; sourceTree = "<group>"; };
		78B7B074B1D421C56E6E2E21 /* VersionWarningSheet.swift */ = {isa = PBXFileReference; lastKnownFileType = sourcecode.swift; path = VersionWarningSheet.swift; sourceTree = "<group>"; };
		79768B5CD89429FAED3522DF /* BarcodeScanView.swift */ = {isa = PBXFileReference; lastKnownFileType = sourcecode.swift; path = BarcodeScanView.swift; sourceTree = "<group>"; };
		7C83EB1E805B86FDD13E0592 /* ManualEntryValidation.swift */ = {isa = PBXFileReference; lastKnownFileType = sourcecode.swift; path = ManualEntryValidation.swift; sourceTree = "<group>"; };
		837C3964E1AE6FF182107FAA /* FoodSearchResult.swift */ = {isa = PBXFileReference; lastKnownFileType = sourcecode.swift; path = FoodSearchResult.swift; sourceTree = "<group>"; };
		8C9C7AC850D05B8F3A150247 /* AppStateTests.swift */ = {isa = PBXFileReference; lastKnownFileType = sourcecode.swift; path = AppStateTests.swift; sourceTree = "<group>"; };
		918AEAD092391B9A0C5B926A /* AuthRootView.swift */ = {isa = PBXFileReference; lastKnownFileType = sourcecode.swift; path = AuthRootView.swift; sourceTree = "<group>"; };
		92AF415AA75C5725B53FEB70 /* .gitkeep */ = {isa = PBXFileReference; path = .gitkeep; sourceTree = "<group>"; };
		958E22A5D59556BA4B881B8E /* LogCandidate.swift */ = {isa = PBXFileReference; lastKnownFileType = sourcecode.swift; path = LogCandidate.swift; sourceTree = "<group>"; };
		9769853ADDE945B17205A409 /* QRPairingPayloadTests.swift */ = {isa = PBXFileReference; lastKnownFileType = sourcecode.swift; path = QRPairingPayloadTests.swift; sourceTree = "<group>"; };
		9F8C6ACF43D88EDDB3F74A40 /* PorquiloApp.swift */ = {isa = PBXFileReference; lastKnownFileType = sourcecode.swift; path = PorquiloApp.swift; sourceTree = "<group>"; };
		9F94647827CBB4941F35984A /* CameraPreviewView.swift */ = {isa = PBXFileReference; lastKnownFileType = sourcecode.swift; path = CameraPreviewView.swift; sourceTree = "<group>"; };
		A3983A8C8996AB1C7F5827A8 /* ManualEntryView.swift */ = {isa = PBXFileReference; lastKnownFileType = sourcecode.swift; path = ManualEntryView.swift; sourceTree = "<group>"; };
		A587DA34B27747093E4718D3 /* MealSectionView.swift */ = {isa = PBXFileReference; lastKnownFileType = sourcecode.swift; path = MealSectionView.swift; sourceTree = "<group>"; };
		AB3F69FB02B8E3295CAD625A /* LogoMarkView.swift */ = {isa = PBXFileReference; lastKnownFileType = sourcecode.swift; path = LogoMarkView.swift; sourceTree = "<group>"; };
		AC22E14C3DE922F28281F1E9 /* MacroBarView.swift */ = {isa = PBXFileReference; lastKnownFileType = sourcecode.swift; path = MacroBarView.swift; sourceTree = "<group>"; };
		B2F3144B071E68F342CD9B05 /* DesignTokens.swift */ = {isa = PBXFileReference; lastKnownFileType = sourcecode.swift; path = DesignTokens.swift; sourceTree = "<group>"; };
		B4C0AA51469CA96941A741E9 /* ConnectingView.swift */ = {isa = PBXFileReference; lastKnownFileType = sourcecode.swift; path = ConnectingView.swift; sourceTree = "<group>"; };
		BFE8D139967FE89665CBA07B /* LogEntryRowView.swift */ = {isa = PBXFileReference; lastKnownFileType = sourcecode.swift; path = LogEntryRowView.swift; sourceTree = "<group>"; };
		C19B6EAB8428A2ADCECE4C82 /* ManualEntryValidationTests.swift */ = {isa = PBXFileReference; lastKnownFileType = sourcecode.swift; path = ManualEntryValidationTests.swift; sourceTree = "<group>"; };
		C62FC2B48F0C25B6C748243A /* Geist[wght].ttf */ = {isa = PBXFileReference; lastKnownFileType = file; path = "Geist[wght].ttf"; sourceTree = "<group>"; };
		C96DF55223B2A2B6073240A5 /* Newsreader-VariableFont_opsz,wght.ttf */ = {isa = PBXFileReference; lastKnownFileType = file; path = "Newsreader-VariableFont_opsz,wght.ttf"; sourceTree = "<group>"; };
		CC82133BF89E7DA3BA9D2861 /* GeistMono[wght].ttf */ = {isa = PBXFileReference; lastKnownFileType = file; path = "GeistMono[wght].ttf"; sourceTree = "<group>"; };
		D5401332ADEB9D9422C6721D /* WelcomeView.swift */ = {isa = PBXFileReference; lastKnownFileType = sourcecode.swift; path = WelcomeView.swift; sourceTree = "<group>"; };
		D77EA9868230857E087C9436 /* AppConstants.swift */ = {isa = PBXFileReference; lastKnownFileType = sourcecode.swift; path = AppConstants.swift; sourceTree = "<group>"; };
		E66B012D185F909A170385A3 /* QRCaptureCoordinator.swift */ = {isa = PBXFileReference; lastKnownFileType = sourcecode.swift; path = QRCaptureCoordinator.swift; sourceTree = "<group>"; };
		ECC5511256CD7896C9CAF83F /* LogCandidateTests.swift */ = {isa = PBXFileReference; lastKnownFileType = sourcecode.swift; path = LogCandidateTests.swift; sourceTree = "<group>"; };
		ED9755E72682009A382F0050 /* APIClientTests.swift */ = {isa = PBXFileReference; lastKnownFileType = sourcecode.swift; path = APIClientTests.swift; sourceTree = "<group>"; };
		F6D0DAEAA89EA890C9E4A1ED /* AppState.swift */ = {isa = PBXFileReference; lastKnownFileType = sourcecode.swift; path = AppState.swift; sourceTree = "<group>"; };
		F7A670CF4BF9F44522C99DCD /* QRErrorView.swift */ = {isa = PBXFileReference; lastKnownFileType = sourcecode.swift; path = QRErrorView.swift; sourceTree = "<group>"; };
		FCE3CB6C70E6D5477333BBD3 /* QuickLogView.swift */ = {isa = PBXFileReference; lastKnownFileType = sourcecode.swift; path = QuickLogView.swift; sourceTree = "<group>"; };
/* End PBXFileReference section */

/* Begin PBXGroup section */
		014D2FEEDBDD5FAFB278DBB4 /* Services */ = {
			isa = PBXGroup;
			children = (
				4036A02656B05DBD4FAFAF98 /* APIClient.swift */,
				11F1B2B913E422EB21C1DBA3 /* KeychainService.swift */,
			);
			path = Services;
			sourceTree = "<group>";
		};
		1159443EAE5EAC1675D2FBA7 /* App */ = {
			isa = PBXGroup;
			children = (
				D77EA9868230857E087C9436 /* AppConstants.swift */,
				F6D0DAEAA89EA890C9E4A1ED /* AppState.swift */,
				01847F4B4B042861DEB105F8 /* Info.plist */,
				12A9F4633F07B8AA914D47B6 /* MainTabView.swift */,
				9F8C6ACF43D88EDDB3F74A40 /* PorquiloApp.swift */,
			);
			path = App;
			sourceTree = "<group>";
		};
		4E62A069EF516AE4B73EA110 /* Today */ = {
			isa = PBXGroup;
			children = (
				BFE8D139967FE89665CBA07B /* LogEntryRowView.swift */,
				AC22E14C3DE922F28281F1E9 /* MacroBarView.swift */,
				A587DA34B27747093E4718D3 /* MealSectionView.swift */,
				065AE102AF43729E58B38B5D /* ModePickerSheet.swift */,
				5EBF7FEB140462BD4BDE29C4 /* TodayView.swift */,
				A3FBBE08A4471D8B23B0B28C /* QuickLog */,
			);
			path = Today;
			sourceTree = "<group>";
		};
		55884E49B09FD1591DC3D75F /* Reports */ = {
			isa = PBXGroup;
			children = (
				0C1E8C27F0E915EA56301ABC /* ReportsView.swift */,
			);
			path = Reports;
			sourceTree = "<group>";
		};
		67AEA12ED278DC4DC29B00CD /* Products */ = {
			isa = PBXGroup;
			children = (
				6250AB67C83EF7BDBEBE098E /* Porquilo.app */,
				4294D1F55BC12C18165CBFDF /* PorquiloTests.xctest */,
			);
			name = Products;
			sourceTree = "<group>";
		};
		68717BA16425CEE639133EE6 /* Fonts */ = {
			isa = PBXGroup;
			children = (
				C62FC2B48F0C25B6C748243A /* Geist[wght].ttf */,
				CC82133BF89E7DA3BA9D2861 /* GeistMono[wght].ttf */,
				C96DF55223B2A2B6073240A5 /* Newsreader-VariableFont_opsz,wght.ttf */,
			);
			path = Fonts;
			sourceTree = "<group>";
		};
		6D5D84240DC6E25E0AE58021 /* Features */ = {
			isa = PBXGroup;
			children = (
				E8A700BD76173C1E78974EAB /* Library */,
				55884E49B09FD1591DC3D75F /* Reports */,
				F5EC748B747309C46B78D414 /* Settings */,
				4E62A069EF516AE4B73EA110 /* Today */,
			);
			path = Features;
			sourceTree = "<group>";
		};
		81AC5D4ECFBC94D72D067781 /* Auth */ = {
			isa = PBXGroup;
			children = (
				92AF415AA75C5725B53FEB70 /* .gitkeep */,
				918AEAD092391B9A0C5B926A /* AuthRootView.swift */,
				27AA3B41E9EF7C750F51A443 /* AuthScreen.swift */,
				9F94647827CBB4941F35984A /* CameraPreviewView.swift */,
				15ECDFAA933528909D5A811C /* ConnectingRequest.swift */,
				B4C0AA51469CA96941A741E9 /* ConnectingView.swift */,
				14CF78E2AD93367D537BBC4F /* ConnectToServerView.swift */,
				7C83EB1E805B86FDD13E0592 /* ManualEntryValidation.swift */,
				A3983A8C8996AB1C7F5827A8 /* ManualEntryView.swift */,
				E66B012D185F909A170385A3 /* QRCaptureCoordinator.swift */,
				F7A670CF4BF9F44522C99DCD /* QRErrorView.swift */,
				53147222241CF2D5CFEE495E /* QRPairingPayload.swift */,
				09705A7910779DBF3CF02934 /* QRScannerView.swift */,
				78B7B074B1D421C56E6E2E21 /* VersionWarningSheet.swift */,
				D5401332ADEB9D9422C6721D /* WelcomeView.swift */,
			);
			path = Auth;
			sourceTree = "<group>";
		};
		9B59C6A6F8CFB1F208FD6125 /* Resources */ = {
			isa = PBXGroup;
			children = (
				68717BA16425CEE639133EE6 /* Fonts */,
			);
			path = Resources;
			sourceTree = "<group>";
		};
		A3FBBE08A4471D8B23B0B28C /* QuickLog */ = {
			isa = PBXGroup;
			children = (
				50C626991C79F89C1838D15B /* BarcodeNotFoundView.swift */,
				79768B5CD89429FAED3522DF /* BarcodeScanView.swift */,
				77533196A0685995D42FE858 /* QuickLogSearchView.swift */,
				FCE3CB6C70E6D5477333BBD3 /* QuickLogView.swift */,
			);
			path = QuickLog;
			sourceTree = "<group>";
		};
		A512182EF3E15CF55326F59A = {
			isa = PBXGroup;
			children = (
				C0435BD700B1CB0C47AFDF83 /* Porquilo */,
				B87BD7B5AE052555EA5E08AD /* PorquiloTests */,
				67AEA12ED278DC4DC29B00CD /* Products */,
			);
			sourceTree = "<group>";
		};
		B0B679745A8839F42C0F0AD0 /* Models */ = {
			isa = PBXGroup;
			children = (
				3EE9DE3B3D645C63C5D7712C /* DiaryModels.swift */,
				837C3964E1AE6FF182107FAA /* FoodSearchResult.swift */,
				958E22A5D59556BA4B881B8E /* LogCandidate.swift */,
				2B4661E6F3BE7E92C9B2F985 /* User.swift */,
			);
			path = Models;
			sourceTree = "<group>";
		};
		B87BD7B5AE052555EA5E08AD /* PorquiloTests */ = {
			isa = PBXGroup;
			children = (
				ED9755E72682009A382F0050 /* APIClientTests.swift */,
				8C9C7AC850D05B8F3A150247 /* AppStateTests.swift */,
				71B3F66BEA0E18A070EC3E47 /* KeychainServiceTests.swift */,
				ECC5511256CD7896C9CAF83F /* LogCandidateTests.swift */,
				C19B6EAB8428A2ADCECE4C82 /* ManualEntryValidationTests.swift */,
				9769853ADDE945B17205A409 /* QRPairingPayloadTests.swift */,
			);
			name = PorquiloTests;
			path = Tests/PorquiloTests;
			sourceTree = "<group>";
		};
		C0435BD700B1CB0C47AFDF83 /* Porquilo */ = {
			isa = PBXGroup;
			children = (
				1159443EAE5EAC1675D2FBA7 /* App */,
				81AC5D4ECFBC94D72D067781 /* Auth */,
				E166C2E1F99AEF03D8FD0BEB /* Components */,
				6D5D84240DC6E25E0AE58021 /* Features */,
				B0B679745A8839F42C0F0AD0 /* Models */,
				9B59C6A6F8CFB1F208FD6125 /* Resources */,
				014D2FEEDBDD5FAFB278DBB4 /* Services */,
				E2F798E52D3DC5E9E86F412D /* Utilities */,
			);
			name = Porquilo;
			path = Sources/Porquilo;
			sourceTree = "<group>";
		};
		E166C2E1F99AEF03D8FD0BEB /* Components */ = {
			isa = PBXGroup;
			children = (
				AB3F69FB02B8E3295CAD625A /* LogoMarkView.swift */,
				76AD118B487776AF58236396 /* PorquiloTabBar.swift */,
			);
			path = Components;
			sourceTree = "<group>";
		};
		E2F798E52D3DC5E9E86F412D /* Utilities */ = {
			isa = PBXGroup;
			children = (
				B2F3144B071E68F342CD9B05 /* DesignTokens.swift */,
			);
			path = Utilities;
			sourceTree = "<group>";
		};
		E8A700BD76173C1E78974EAB /* Library */ = {
			isa = PBXGroup;
			children = (
				2D5123A3A2FC5424513639BB /* LibraryView.swift */,
			);
			path = Library;
			sourceTree = "<group>";
		};
		F5EC748B747309C46B78D414 /* Settings */ = {
			isa = PBXGroup;
			children = (
				20DD1537F1B5ED000C3CAD66 /* SettingsView.swift */,
			);
			path = Settings;
			sourceTree = "<group>";
		};
/* End PBXGroup section */

/* Begin PBXNativeTarget section */
		72020F1B52AB45FF63C7BF48 /* Porquilo */ = {
			isa = PBXNativeTarget;
			buildConfigurationList = 9D7A94DC334B00DDD5AB2055 /* Build configuration list for PBXNativeTarget "Porquilo" */;
			buildPhases = (
				6E773E9804AD6075A91BEA8C /* Sources */,
				BD2A5B8EC74ABC81B3766A2C /* Resources */,
			);
			buildRules = (
			);
			dependencies = (
			);
			name = Porquilo;
			packageProductDependencies = (
			);
			productName = Porquilo;
			productReference = 6250AB67C83EF7BDBEBE098E /* Porquilo.app */;
			productType = "com.apple.product-type.application";
		};
		758BC12819CF1BC8683B4A1D /* PorquiloTests */ = {
			isa = PBXNativeTarget;
			buildConfigurationList = 691F89559A36D7F5F307A23A /* Build configuration list for PBXNativeTarget "PorquiloTests" */;
			buildPhases = (
				C53DA38C6C1202B6AE639D62 /* Sources */,
			);
			buildRules = (
			);
			dependencies = (
				A9A90270324C93E8B15E86A5 /* PBXTargetDependency */,
			);
			name = PorquiloTests;
			packageProductDependencies = (
			);
			productName = PorquiloTests;
			productReference = 4294D1F55BC12C18165CBFDF /* PorquiloTests.xctest */;
			productType = "com.apple.product-type.bundle.unit-test";
		};
/* End PBXNativeTarget section */

/* Begin PBXProject section */
		CA2173429AFDE72E0636FB62 /* Project object */ = {
			isa = PBXProject;
			attributes = {
				BuildIndependentTargetsInParallel = YES;
				LastUpgradeCheck = 1500;
				TargetAttributes = {
					72020F1B52AB45FF63C7BF48 = {
						DevelopmentTeam = "";
					};
				};
			};
			buildConfigurationList = 907C2B996860BBEE7508D0E6 /* Build configuration list for PBXProject "Porquilo" */;
			developmentRegion = en;
			hasScannedForEncodings = 0;
			knownRegions = (
				Base,
				en,
			);
			mainGroup = A512182EF3E15CF55326F59A;
			minimizedProjectReferenceProxies = 1;
			preferredProjectObjectVersion = 77;
			productRefGroup = 67AEA12ED278DC4DC29B00CD /* Products */;
			projectDirPath = "";
			projectRoot = "";
			targets = (
				72020F1B52AB45FF63C7BF48 /* Porquilo */,
				758BC12819CF1BC8683B4A1D /* PorquiloTests */,
			);
		};
/* End PBXProject section */

/* Begin PBXResourcesBuildPhase section */
		BD2A5B8EC74ABC81B3766A2C /* Resources */ = {
			isa = PBXResourcesBuildPhase;
			buildActionMask = 2147483647;
			files = (
				41FB4E049F4CC6F842B47871 /* GeistMono[wght].ttf in Resources */,
				05F3693F97EF0E41ECA06C98 /* Geist[wght].ttf in Resources */,
				F4C8495137B7FADA649F13B8 /* Newsreader-VariableFont_opsz,wght.ttf in Resources */,
			);
			runOnlyForDeploymentPostprocessing = 0;
		};
/* End PBXResourcesBuildPhase section */

/* Begin PBXSourcesBuildPhase section */
		6E773E9804AD6075A91BEA8C /* Sources */ = {
			isa = PBXSourcesBuildPhase;
			buildActionMask = 2147483647;
			files = (
				1C18523CFA9C8954B47CC995 /* APIClient.swift in Sources */,
				E1B9CAC022B8AA4B4FC2B26D /* AppConstants.swift in Sources */,
				2C843A32FDC046EBECF4124D /* AppState.swift in Sources */,
				F144ADF4AF5F63BF014EAD6E /* AuthRootView.swift in Sources */,
				EAE4BC1E44317C5B7CF2F89A /* AuthScreen.swift in Sources */,
				41C4558440CA40D201D1476F /* BarcodeNotFoundView.swift in Sources */,
				BD198627901C24ACCFD8D89D /* BarcodeScanView.swift in Sources */,
				565CA93CA11DF5613CC737DF /* CameraPreviewView.swift in Sources */,
				A0A25B782E7DCDD32ADE6533 /* ConnectToServerView.swift in Sources */,
				0E55265B670AEE66F3EF9026 /* ConnectingRequest.swift in Sources */,
				E4F645439EAA76BABDCDCC65 /* ConnectingView.swift in Sources */,
				D9F8471FA01EAED03C5B660E /* DesignTokens.swift in Sources */,
				642A85BE16B8DCCCBE9C6F5B /* DiaryModels.swift in Sources */,
				485E6DE9D28CB8F69655B0BD /* FoodSearchResult.swift in Sources */,
				B25040F8312FAFDFE772B319 /* KeychainService.swift in Sources */,
				F84E3B0FE43CA9324CFAA174 /* LibraryView.swift in Sources */,
				AB583BA4BC8BA502A2251B25 /* LogCandidate.swift in Sources */,
				2CC8CF9A1BE362C878926D11 /* LogEntryRowView.swift in Sources */,
				EC0D2C9A967087EB58333FE4 /* LogoMarkView.swift in Sources */,
				8605B92DDDEC74ACA48C68B7 /* MacroBarView.swift in Sources */,
				A3F71F9ABE163FAB4E1B64AA /* MainTabView.swift in Sources */,
				E98C6A0EC40366F5AEA0DB4E /* ManualEntryValidation.swift in Sources */,
				373732863CE53F66EF2442A7 /* ManualEntryView.swift in Sources */,
				4C9DD78C8F25FD1C8AB8D953 /* MealSectionView.swift in Sources */,
				AA0970B847E239D4C0B5188C /* ModePickerSheet.swift in Sources */,
				911755E1655196AB4A24D5A9 /* PorquiloApp.swift in Sources */,
				54982FC8BA1E0F51A7394B82 /* PorquiloTabBar.swift in Sources */,
				4FA739F28DD977B33624FC03 /* QRCaptureCoordinator.swift in Sources */,
				50F5C3288509F59849601FBB /* QRErrorView.swift in Sources */,
				7EE9E090F0171140A1B9D060 /* QRPairingPayload.swift in Sources */,
				881AC30F5456D44EC56F1EFF /* QRScannerView.swift in Sources */,
				3C861F862170A6A88CF292B3 /* QuickLogSearchView.swift in Sources */,
				72F9500D8BED2456F7C90903 /* QuickLogView.swift in Sources */,
				8F9F6F49796085DBEAEB6F01 /* ReportsView.swift in Sources */,
				A87920410E8F7E48087BA391 /* SettingsView.swift in Sources */,
				F668444272A6FD723A6CB76B /* TodayView.swift in Sources */,
				F81D5E99A31C00C8C138A2BD /* User.swift in Sources */,
				87C651556C1BC3A79BE99325 /* VersionWarningSheet.swift in Sources */,
				CB972F3582CB89DCEDD5B6E8 /* WelcomeView.swift in Sources */,
			);
			runOnlyForDeploymentPostprocessing = 0;
		};
		C53DA38C6C1202B6AE639D62 /* Sources */ = {
			isa = PBXSourcesBuildPhase;
			buildActionMask = 2147483647;
			files = (
				EDE9B3A0CFFCEF0F96A45530 /* APIClientTests.swift in Sources */,
				C3A6A93F3D7C7AF2415AC047 /* AppStateTests.swift in Sources */,
				DF91BA6559CE84B0FB4ECF43 /* KeychainServiceTests.swift in Sources */,
				DBB8E1C4256EAB0DA35FE710 /* LogCandidateTests.swift in Sources */,
				E8C24CBAE490490B60D14E61 /* ManualEntryValidationTests.swift in Sources */,
				EA3AF8B2175B7FDB45C65553 /* QRPairingPayloadTests.swift in Sources */,
			);
			runOnlyForDeploymentPostprocessing = 0;
		};
/* End PBXSourcesBuildPhase section */

/* Begin PBXTargetDependency section */
		A9A90270324C93E8B15E86A5 /* PBXTargetDependency */ = {
			isa = PBXTargetDependency;
			target = 72020F1B52AB45FF63C7BF48 /* Porquilo */;
			targetProxy = 8C57E3374A2553C2E50540DE /* PBXContainerItemProxy */;
		};
/* End PBXTargetDependency section */

/* Begin XCBuildConfiguration section */
		147E6F56B0D9CD9F9B5F4B67 /* Debug */ = {
			isa = XCBuildConfiguration;
			buildSettings = {
				ASSETCATALOG_COMPILER_APPICON_NAME = AppIcon;
				CODE_SIGNING_ALLOWED = NO;
				CODE_SIGNING_REQUIRED = NO;
				CODE_SIGN_IDENTITY = "iPhone Developer";
				DEVELOPMENT_TEAM = "";
				GENERATE_INFOPLIST_FILE = YES;
				INFOPLIST_FILE = Sources/Porquilo/App/Info.plist;
				INFOPLIST_KEY_NSCameraUsageDescription = "Porquilo uses the camera to scan pairing QR codes.";
				INFOPLIST_KEY_UILaunchScreen_Generation = YES;
				LD_RUNPATH_SEARCH_PATHS = (
					"$(inherited)",
					"@executable_path/Frameworks",
				);
				PRODUCT_BUNDLE_IDENTIFIER = com.porquilo.app;
				SDKROOT = iphoneos;
				SWIFT_VERSION = 5.9;
				TARGETED_DEVICE_FAMILY = "1,2";
			};
			name = Debug;
		};
		182FA1C72BC3552C4D373C5D /* Release */ = {
			isa = XCBuildConfiguration;
			buildSettings = {
				ASSETCATALOG_COMPILER_APPICON_NAME = AppIcon;
				CODE_SIGNING_ALLOWED = NO;
				CODE_SIGNING_REQUIRED = NO;
				CODE_SIGN_IDENTITY = "iPhone Developer";
				DEVELOPMENT_TEAM = "";
				GENERATE_INFOPLIST_FILE = YES;
				INFOPLIST_FILE = Sources/Porquilo/App/Info.plist;
				INFOPLIST_KEY_NSCameraUsageDescription = "Porquilo uses the camera to scan pairing QR codes.";
				INFOPLIST_KEY_UILaunchScreen_Generation = YES;
				LD_RUNPATH_SEARCH_PATHS = (
					"$(inherited)",
					"@executable_path/Frameworks",
				);
				PRODUCT_BUNDLE_IDENTIFIER = com.porquilo.app;
				SDKROOT = iphoneos;
				SWIFT_VERSION = 5.9;
				TARGETED_DEVICE_FAMILY = "1,2";
			};
			name = Release;
		};
		4E5F7AAA106B5CF9C4AA1726 /* Debug */ = {
			isa = XCBuildConfiguration;
			buildSettings = {
				BUNDLE_LOADER = "$(TEST_HOST)";
				GENERATE_INFOPLIST_FILE = YES;
				LD_RUNPATH_SEARCH_PATHS = (
					"$(inherited)",
					"@executable_path/Frameworks",
					"@loader_path/Frameworks",
				);
				PRODUCT_BUNDLE_IDENTIFIER = com.porquilo.PorquiloTests;
				SDKROOT = iphoneos;
				SWIFT_VERSION = 5.9;
				TARGETED_DEVICE_FAMILY = "1,2";
				TEST_HOST = "$(BUILT_PRODUCTS_DIR)/Porquilo.app/Porquilo";
			};
			name = Debug;
		};
		97CF8834F01FD6D57FECACBA /* Debug */ = {
			isa = XCBuildConfiguration;
			buildSettings = {
				ALWAYS_SEARCH_USER_PATHS = NO;
				CLANG_ANALYZER_NONNULL = YES;
				CLANG_ANALYZER_NUMBER_OBJECT_CONVERSION = YES_AGGRESSIVE;
				CLANG_CXX_LANGUAGE_STANDARD = "gnu++14";
				CLANG_CXX_LIBRARY = "libc++";
				CLANG_ENABLE_MODULES = YES;
				CLANG_ENABLE_OBJC_ARC = YES;
				CLANG_ENABLE_OBJC_WEAK = YES;
				CLANG_WARN_BLOCK_CAPTURE_AUTORELEASING = YES;
				CLANG_WARN_BOOL_CONVERSION = YES;
				CLANG_WARN_COMMA = YES;
				CLANG_WARN_CONSTANT_CONVERSION = YES;
				CLANG_WARN_DEPRECATED_OBJC_IMPLEMENTATIONS = YES;
				CLANG_WARN_DIRECT_OBJC_ISA_USAGE = YES_ERROR;
				CLANG_WARN_DOCUMENTATION_COMMENTS = YES;
				CLANG_WARN_EMPTY_BODY = YES;
				CLANG_WARN_ENUM_CONVERSION = YES;
				CLANG_WARN_INFINITE_RECURSION = YES;
				CLANG_WARN_INT_CONVERSION = YES;
				CLANG_WARN_NON_LITERAL_NULL_CONVERSION = YES;
				CLANG_WARN_OBJC_IMPLICIT_RETAIN_SELF = YES;
				CLANG_WARN_OBJC_LITERAL_CONVERSION = YES;
				CLANG_WARN_OBJC_ROOT_CLASS = YES_ERROR;
				CLANG_WARN_QUOTED_INCLUDE_IN_FRAMEWORK_HEADER = YES;
				CLANG_WARN_RANGE_LOOP_ANALYSIS = YES;
				CLANG_WARN_STRICT_PROTOTYPES = YES;
				CLANG_WARN_SUSPICIOUS_MOVE = YES;
				CLANG_WARN_UNGUARDED_AVAILABILITY = YES_AGGRESSIVE;
				CLANG_WARN_UNREACHABLE_CODE = YES;
				CLANG_WARN__DUPLICATE_METHOD_MATCH = YES;
				COPY_PHASE_STRIP = NO;
				DEBUG_INFORMATION_FORMAT = dwarf;
				ENABLE_STRICT_OBJC_MSGSEND = YES;
				ENABLE_TESTABILITY = YES;
				GCC_C_LANGUAGE_STANDARD = gnu11;
				GCC_DYNAMIC_NO_PIC = NO;
				GCC_NO_COMMON_BLOCKS = YES;
				GCC_OPTIMIZATION_LEVEL = 0;
				GCC_PREPROCESSOR_DEFINITIONS = (
					"$(inherited)",
					"DEBUG=1",
				);
				GCC_WARN_64_TO_32_BIT_CONVERSION = YES;
				GCC_WARN_ABOUT_RETURN_TYPE = YES_ERROR;
				GCC_WARN_UNDECLARED_SELECTOR = YES;
				GCC_WARN_UNINITIALIZED_AUTOS = YES_AGGRESSIVE;
				GCC_WARN_UNUSED_FUNCTION = YES;
				GCC_WARN_UNUSED_VARIABLE = YES;
				IPHONEOS_DEPLOYMENT_TARGET = 17.0;
				MTL_ENABLE_DEBUG_INFO = INCLUDE_SOURCE;
				MTL_FAST_MATH = YES;
				ONLY_ACTIVE_ARCH = YES;
				PRODUCT_NAME = "$(TARGET_NAME)";
				SDKROOT = iphoneos;
				SWIFT_ACTIVE_COMPILATION_CONDITIONS = DEBUG;
				SWIFT_OPTIMIZATION_LEVEL = "-Onone";
				SWIFT_VERSION = 5.0;
			};
			name = Debug;
		};
		A6AED6CAECFE5BF7AF2BCDE9 /* Release */ = {
			isa = XCBuildConfiguration;
			buildSettings = {
				BUNDLE_LOADER = "$(TEST_HOST)";
				GENERATE_INFOPLIST_FILE = YES;
				LD_RUNPATH_SEARCH_PATHS = (
					"$(inherited)",
					"@executable_path/Frameworks",
					"@loader_path/Frameworks",
				);
				PRODUCT_BUNDLE_IDENTIFIER = com.porquilo.PorquiloTests;
				SDKROOT = iphoneos;
				SWIFT_VERSION = 5.9;
				TARGETED_DEVICE_FAMILY = "1,2";
				TEST_HOST = "$(BUILT_PRODUCTS_DIR)/Porquilo.app/Porquilo";
			};
			name = Release;
		};
		FA1920CC7103E5E6C8A5F5AE /* Release */ = {
			isa = XCBuildConfiguration;
			buildSettings = {
				ALWAYS_SEARCH_USER_PATHS = NO;
				CLANG_ANALYZER_NONNULL = YES;
				CLANG_ANALYZER_NUMBER_OBJECT_CONVERSION = YES_AGGRESSIVE;
				CLANG_CXX_LANGUAGE_STANDARD = "gnu++14";
				CLANG_CXX_LIBRARY = "libc++";
				CLANG_ENABLE_MODULES = YES;
				CLANG_ENABLE_OBJC_ARC = YES;
				CLANG_ENABLE_OBJC_WEAK = YES;
				CLANG_WARN_BLOCK_CAPTURE_AUTORELEASING = YES;
				CLANG_WARN_BOOL_CONVERSION = YES;
				CLANG_WARN_COMMA = YES;
				CLANG_WARN_CONSTANT_CONVERSION = YES;
				CLANG_WARN_DEPRECATED_OBJC_IMPLEMENTATIONS = YES;
				CLANG_WARN_DIRECT_OBJC_ISA_USAGE = YES_ERROR;
				CLANG_WARN_DOCUMENTATION_COMMENTS = YES;
				CLANG_WARN_EMPTY_BODY = YES;
				CLANG_WARN_ENUM_CONVERSION = YES;
				CLANG_WARN_INFINITE_RECURSION = YES;
				CLANG_WARN_INT_CONVERSION = YES;
				CLANG_WARN_NON_LITERAL_NULL_CONVERSION = YES;
				CLANG_WARN_OBJC_IMPLICIT_RETAIN_SELF = YES;
				CLANG_WARN_OBJC_LITERAL_CONVERSION = YES;
				CLANG_WARN_OBJC_ROOT_CLASS = YES_ERROR;
				CLANG_WARN_QUOTED_INCLUDE_IN_FRAMEWORK_HEADER = YES;
				CLANG_WARN_RANGE_LOOP_ANALYSIS = YES;
				CLANG_WARN_STRICT_PROTOTYPES = YES;
				CLANG_WARN_SUSPICIOUS_MOVE = YES;
				CLANG_WARN_UNGUARDED_AVAILABILITY = YES_AGGRESSIVE;
				CLANG_WARN_UNREACHABLE_CODE = YES;
				CLANG_WARN__DUPLICATE_METHOD_MATCH = YES;
				COPY_PHASE_STRIP = NO;
				DEBUG_INFORMATION_FORMAT = "dwarf-with-dsym";
				ENABLE_NS_ASSERTIONS = NO;
				ENABLE_STRICT_OBJC_MSGSEND = YES;
				GCC_C_LANGUAGE_STANDARD = gnu11;
				GCC_NO_COMMON_BLOCKS = YES;
				GCC_WARN_64_TO_32_BIT_CONVERSION = YES;
				GCC_WARN_ABOUT_RETURN_TYPE = YES_ERROR;
				GCC_WARN_UNDECLARED_SELECTOR = YES;
				GCC_WARN_UNINITIALIZED_AUTOS = YES_AGGRESSIVE;
				GCC_WARN_UNUSED_FUNCTION = YES;
				GCC_WARN_UNUSED_VARIABLE = YES;
				IPHONEOS_DEPLOYMENT_TARGET = 17.0;
				MTL_ENABLE_DEBUG_INFO = NO;
				MTL_FAST_MATH = YES;
				PRODUCT_NAME = "$(TARGET_NAME)";
				SDKROOT = iphoneos;
				SWIFT_COMPILATION_MODE = wholemodule;
				SWIFT_OPTIMIZATION_LEVEL = "-O";
				SWIFT_VERSION = 5.0;
			};
			name = Release;
		};
/* End XCBuildConfiguration section */

/* Begin XCConfigurationList section */
		691F89559A36D7F5F307A23A /* Build configuration list for PBXNativeTarget "PorquiloTests" */ = {
			isa = XCConfigurationList;
			buildConfigurations = (
				4E5F7AAA106B5CF9C4AA1726 /* Debug */,
				A6AED6CAECFE5BF7AF2BCDE9 /* Release */,
			);
			defaultConfigurationIsVisible = 0;
			defaultConfigurationName = Debug;
		};
		907C2B996860BBEE7508D0E6 /* Build configuration list for PBXProject "Porquilo" */ = {
			isa = XCConfigurationList;
			buildConfigurations = (
				97CF8834F01FD6D57FECACBA /* Debug */,
				FA1920CC7103E5E6C8A5F5AE /* Release */,
			);
			defaultConfigurationIsVisible = 0;
			defaultConfigurationName = Debug;
		};
		9D7A94DC334B00DDD5AB2055 /* Build configuration list for PBXNativeTarget "Porquilo" */ = {
			isa = XCConfigurationList;
			buildConfigurations = (
				147E6F56B0D9CD9F9B5F4B67 /* Debug */,
				182FA1C72BC3552C4D373C5D /* Release */,
			);
			defaultConfigurationIsVisible = 0;
			defaultConfigurationName = Debug;
		};
/* End XCConfigurationList section */
	};
	rootObject = CA2173429AFDE72E0636FB62 /* Project object */;
}
